lockfileVersion: '9.0'

settings:
  autoInstallPeers: true
  excludeLinksFromLockfile: false

importers:

  .:
    dependencies:
      kolorist:
        specifier: ^1.8.0
        version: 1.8.0
      minimist:
        specifier: ^1.2.8
        version: 1.2.8
      prompts:
        specifier: ^2.4.2
        version: 2.4.2
    devDependencies:
      '@types/minimist':
        specifier: ^1.2.5
        version: 1.2.5
      '@types/prompts':
        specifier: ^2.4.9
        version: 2.4.9
      oxfmt:
        specifier: ^0.46.0
        version: 0.46.0
      oxlint:
        specifier: ^1.61.0
        version: 1.61.0

packages:

  '@oxfmt/binding-android-arm-eabi@0.46.0':
    resolution: {integrity: sha512-b1doV4WRcJU+BESSlCvCjV+5CEr/T6h0frArAdV26Nir+gGNFNaylvDiiMPfF1pxeV0txZEs38ojzJaxBYg+ng==}
    engines: {node: ^20.19.0 || >=22.12.0}
    cpu: [arm]
    os: [android]

  '@oxfmt/binding-android-arm64@0.46.0':
    resolution: {integrity: sha512-v6+HhjsoV3GO0u2u9jLSAZrvWfTraDxKofUIQ7/ktS7tzS+epVsxdHmeM+XxuNcAY/nWxxU1Sg4JcGTNRXraBA==}
    engines: {node: ^20.19.0 || >=22.12.0}
    cpu: [arm64]
    os: [android]

  '@oxfmt/binding-darwin-arm64@0.46.0':
    resolution: {integrity: sha512-3eeooJGrqGIlI5MyryDZsAcKXSmKIgAD4yYtfRrRJzXZ0UTFZtiSveIur56YPrGMYZwT4XyVhHsMqrNwr1XeFA==}
    engines: {node: ^20.19.0 || >=22.12.0}
    cpu: [arm64]
    os: [darwin]

  '@oxfmt/binding-darwin-x64@0.46.0':
    resolution: {integrity: sha512-QG8BDM0CXWbu84k2SKmCqfEddPQPFiBicwtYnLqHRWZZl57HbtOLRMac/KTq2NO4AEc4ICCBpFxJIV9zcqYfkQ==}
    engines: {node: ^20.19.0 || >=22.12.0}
    cpu: [x64]
    os: [darwin]

  '@oxfmt/binding-freebsd-x64@0.46.0':
    resolution: {integrity: sha512-9DdCqS/n2ncu/Chazvt3cpgAjAmIGQDz7hFKSrNItMApyV/Ja9mz3hD4JakIE3nS8PW9smEbPWnb389QLBY4nw==}
    engines: {node: ^20.19.0 || >=22.12.0}
    cpu: [x64]
    os: [freebsd]

  '@oxfmt/binding-linux-arm-gnueabihf@0.46.0':
    resolution: {integrity: sha512-Dgs7VeE2jT0LHMhw6tPEt0xQYe54kBqHEovmWsv4FVQlegCOvlIJNx0S8n4vj8WUtpT+Z6BD2HhKJPLglLxvZg==}
    engines: {node: ^20.19.0 || >=22.12.0}
    cpu: [arm]
    os: [linux]

  '@oxfmt/binding-linux-arm-musleabihf@0.46.0':
    resolution: {integrity: sha512-Zxn3adhTH13JKnU4xXJj8FeEfF680XjXh3gSShKl57HCMBRde2tUJTgogV/1MSHA80PJEVrDa7r66TLVq3Ia7Q==}
    engines: {node: ^20.19.0 || >=22.12.0}
    cpu: [arm]
    os: [linux]

  '@oxfmt/binding-linux-arm64-gnu@0.46.0':
    resolution: {integrity: sha512-+TWipjrgVM8D7aIdDD0tlr3teLTTvQTn7QTE5BpT10H1Fj82gfdn9X6nn2sDgx/MepuSCfSnzFNJq2paLL0OiA==}
    engines: {node: ^20.19.0 || >=22.12.0}
    cpu: [arm64]
    os: [linux]
    libc: [glibc]

  '@oxfmt/binding-linux-arm64-musl@0.46.0':
    resolution: {integrity: sha512-aAUPBWJ1lGwwnxZUEDLJ94+Iy6MuwJwPxUgO4sCA5mEEyDk7b+cDQ+JpX1VR150Zoyd+D49gsrUzpUK5h587Eg==}
    engines: {node: ^20.19.0 || >=22.12.0}
    cpu: [arm64]
    os: [linux]
    libc: [musl]

  '@oxfmt/binding-linux-ppc64-gnu@0.46.0':
    resolution: {integrity: sha512-ufBCJukyFX/UDrokP/r6BGDoTInnsDs7bxyzKAgMiZlt2Qu8GPJSJ6Zm6whIiJzKk0naxA8ilwmbO1LMw6Htxw==}
    engines: {node: ^20.19.0 || >=22.12.0}
    cpu: [ppc64]
    os: [linux]
    libc: [glibc]

  '@oxfmt/binding-linux-riscv64-gnu@0.46.0':
    resolution: {integrity: sha512-eqtlC2YmPqjun76R1gVfGLuKWx7NuEnLEAudZ7n6ipSKbCZTqIKSs1b5Y8K/JHZsRpLkeSmAAjig5HOIg8fQzQ==}
    engines: {node: ^20.19.0 || >=22.12.0}
    cpu: [riscv64]
    os: [linux]
    libc: [glibc]

  '@oxfmt/binding-linux-riscv64-musl@0.46.0':
    resolution: {integrity: sha512-yccVOO2nMXkQLGgy0He3EQEwKD7NF0zEk+/OWmroznkqXyJdN6bfK0LtNnr6/14Bh3FjpYq7bP33l/VloCnxpA==}
    engines: {node: ^20.19.0 || >=22.12.0}
    cpu: [riscv64]
    os: [linux]
    libc: [musl]

  '@oxfmt/binding-linux-s390x-gnu@0.46.0':
    resolution: {integrity: sha512-aAf7fG23OQCey6VRPj9IeCraoYtpgtx0ZyJ1CXkPyT1wjzBE7c3xtuxHe/AdHaJfVVb/SXpSk8Gl1LzyQupSqw==}
    engines: {node: ^20.19.0 || >=22.12.0}
    cpu: [s390x]
    os: [linux]
    libc: [glibc]

  '@oxfmt/binding-linux-x64-gnu@0.46.0':
    resolution: {integrity: sha512-q0JPsTMyJNjYrBvYFDz4WbVsafNZaPCZv4RnFypRotLqpKROtBZcEaXQW4eb9YmvLU3NckVemLJnzkSZSdmOxw==}
    engines: {node: ^20.19.0 || >=22.12.0}
    cpu: [x64]
    os: [linux]
    libc: [glibc]

  '@oxfmt/binding-linux-x64-musl@0.46.0':
    resolution: {integrity: sha512-7LsLY9Cw57GPkhSR+duI3mt9baRczK/DtHYSldQ4BEU92da9igBQNl4z7Vq5U9NNPsh1FmpKvv1q9WDtiUQR1A==}
    engines: {node: ^20.19.0 || >=22.12.0}
    cpu: [x64]
    os: [linux]
    libc: [musl]

  '@oxfmt/binding-openharmony-arm64@0.46.0':
    resolution: {integrity: sha512-lHiBOz8Duaku7JtRNLlps3j++eOaICPZSd8FCVmTDM4DFOPT71Bjn7g6iar1z7StXlKRweUKxWUs4sA+zWGDXg==}
    engines: {node: ^20.19.0 || >=22.12.0}
    cpu: [arm64]
    os: [openharmony]

  '@oxfmt/binding-win32-arm64-msvc@0.46.0':
    resolution: {integrity: sha512-/5ktYUliP89RhgC37DBH1x20U5zPSZMy3cMEcO0j3793rbHP9MWsknBwQB6eozRzWmYrh0IFM/p20EbPvDlYlg==}
    engines: {node: ^20.19.0 || >=22.12.0}
    cpu: [arm64]
    os: [win32]

  '@oxfmt/binding-win32-ia32-msvc@0.46.0':
    resolution: {integrity: sha512-3WTnoiuIr8XvV0DIY7SN+1uJSwKf4sPpcbHfobcRT9JutGcLaef/miyBB87jxd3aqH+mS0+G5lsgHuXLUwjjpQ==}
    engines: {node: ^20.19.0 || >=22.12.0}
    cpu: [ia32]
    os: [win32]

  '@oxfmt/binding-win32-x64-msvc@0.46.0':
    resolution: {integrity: sha512-IXxiQpkYnOwNfP23vzwSfhdpxJzyiPTY7eTn6dn3DsriKddESzM8i6kfq9R7CD/PUJwCvQT22NgtygBeug3KoA==}
    engines: {node: ^20.19.0 || >=22.12.0}
    cpu: [x64]
    os: [win32]

  '@oxlint/binding-android-arm-eabi@1.61.0':
    resolution: {integrity: sha512-6eZBPgiigK5txqoVgRqxbaxiom4lM8AP8CyKPPvpzKnQ3iFRFOIDc+0AapF+qsUSwjOzr5SGk4SxQDpQhkSJMQ==}
    engines: {node: ^20.19.0 || >=22.12.0}
    cpu: [arm]
    os: [android]

  '@oxlint/binding-android-arm64@1.61.0':
    resolution: {integrity: sha512-CkwLR69MUnyv5wjzebvbbtTSUwqLxM35CXE79bHqDIK+NtKmPEUpStTcLQRZMCo4MP0qRT6TXIQVpK0ZVScnMA==}
    engines: {node: ^20.19.0 || >=22.12.0}
    cpu: [arm64]
    os: [android]

  '@oxlint/binding-darwin-arm64@1.61.0':
    resolution: {integrity: sha512-8JbefTkbmvqkqWjmQrHke+MdpgT2UghhD/ktM4FOQSpGeCgbMToJEKdl9zwhr/YWTl92i4QI1KiTwVExpcUN8A==}
    engines: {node: ^20.19.0 || >=22.12.0}
    cpu: [arm64]
    os: [darwin]

  '@oxlint/binding-darwin-x64@1.61.0':
    resolution: {integrity: sha512-uWpoxDT47hTnDLcdEh5jVbso8rlTTu5o0zuqa9J8E0JAKmIWn7kGFEIB03Pycn2hd2vKxybPGLhjURy/9We5FQ==}
    engines: {node: ^20.19.0 || >=22.12.0}
    cpu: [x64]
    os: [darwin]

  '@oxlint/binding-freebsd-x64@1.61.0':
    resolution: {integrity: sha512-K/o4hEyW7flfMel0iBVznmMBt7VIMHGdjADocHKpK1DUF9erpWnJ+BSSWd2W0c8K3mPtpph+CuHzRU6CI3l9jQ==}
    engines: {node: ^20.19.0 || >=22.12.0}
    cpu: [x64]
    os: [freebsd]

  '@oxlint/binding-linux-arm-gnueabihf@1.61.0':
    resolution: {integrity: sha512-P6040ZkcyweJ0Po9yEFqJCdvZnf3VNCGs1SIHgXDf8AAQNC6ID/heXQs9iSgo2FH7gKaKq32VWc59XZwL34C5Q==}
    engines: {node: ^20.19.0 || >=22.12.0}
    cpu: [arm]
    os: [linux]

  '@oxlint/binding-linux-arm-musleabihf@1.61.0':
    resolution: {integrity: sha512-bwxrGCzTZkuB+THv2TQ1aTkVEfv5oz8sl+0XZZCpoYzErJD8OhPQOTA0ENPd1zJz8QsVdSzSrS2umKtPq4/JXg==}
    engines: {node: ^20.19.0 || >=22.12.0}
    cpu: [arm]
    os: [linux]

  '@oxlint/binding-linux-arm64-gnu@1.61.0':
    resolution: {integrity: sha512-vkhb9/wKguMkLlrm3FoJW/Xmdv31GgYAE+x8lxxQ+7HeOxXUySI0q36a3NTVIuQUdLzxCI1zzMGsk1o37FOe3w==}
    engines: {node: ^20.19.0 || >=22.12.0}
    cpu: [arm64]
    os: [linux]
    libc: [glibc]

  '@oxlint/binding-linux-arm64-musl@1.61.0':
    resolution: {integrity: sha512-bl1dQh8LnVqsj6oOQAcxwbuOmNJkwc4p6o//HTBZhNTzJy21TLDwAviMqUFNUxDHkPGpmdKTSN4tWTjLryP8xg==}
    engines: {node: ^20.19.0 || >=22.12.0}
    cpu: [arm64]
    os: [linux]
    libc: [musl]

  '@oxlint/binding-linux-ppc64-gnu@1.61.0':
    resolution: {integrity: sha512-QoOX6KB2IiEpyOj/HKqaxi+NQHPnOgNgnr22n9N4ANJCzXkUlj1UmeAbFb4PpqdlHIzvGDM5xZ0OKtcLq9RhiQ==}
    engines: {node: ^20.19.0 || >=22.12.0}
    cpu: [ppc64]
    os: [linux]
    libc: [glibc]

  '@oxlint/binding-linux-riscv64-gnu@1.61.0':
    resolution: {integrity: sha512-1TGcTerjY6p152wCof3oKElccq3xHljS/Mucp04gV/4ATpP6nO7YNnp7opEg6SHkv2a57/b4b8Ndm9znJ1/qAw==}
    engines: {node: ^20.19.0 || >=22.12.0}
    cpu: [riscv64]
    os: [linux]
    libc: [glibc]

  '@oxlint/binding-linux-riscv64-musl@1.61.0':
    resolution: {integrity: sha512-65wXEmZIrX2ADwC8i/qFL4EWLSbeuBpAm3suuX1vu4IQkKd+wLT/HU/BOl84kp91u2SxPkPDyQgu4yrqp8vwVA==}
    engines: {node: ^20.19.0 || >=22.12.0}
    cpu: [riscv64]
    os: [linux]
    libc: [musl]

  '@oxlint/binding-linux-s390x-gnu@1.61.0':
    resolution: {integrity: sha512-TVvhgMvor7Qa6COeXxCJ7ENOM+lcAOGsQ0iUdPSCv2hxb9qSHLQ4XF1h50S6RE1gBOJ0WV3rNukg4JJJP1LWRA==}
    engines: {node: ^20.19.0 || >=22.12.0}
    cpu: [s390x]
    os: [linux]
    libc: [glibc]

  '@oxlint/binding-linux-x64-gnu@1.61.0':
    resolution: {integrity: sha512-SjpS5uYuFoDnDdZPwZE59ndF95AsY47R5MliuneTWR1pDm2CxGJaYXbKULI71t5TVfLQUWmrHEGRL9xvuq6dnA==}
    engines: {node: ^20.19.0 || >=22.12.0}
    cpu: [x64]
    os: [linux]
    libc: [glibc]

  '@oxlint/binding-linux-x64-musl@1.61.0':
    resolution: {integrity: sha512-gGfAeGD4sNJGILZbc/yKcIimO9wQnPMoYp9swAaKeEtwsSQAbU+rsdQze5SBtIP6j0QDzeYd4XSSUCRCF+LIeQ==}
    engines: {node: ^20.19.0 || >=22.12.0}
    cpu: [x64]
    os: [linux]
    libc: [musl]

  '@oxlint/binding-openharmony-arm64@1.61.0':
    resolution: {integrity: sha512-OlVT0LrG/ct33EVtWRyR+B/othwmDWeRxfi13wUdPeb3lAT5TgTcFDcfLfarZtzB4W1nWF/zICMgYdkggX2WmQ==}
    engines: {node: ^20.19.0 || >=22.12.0}
    cpu: [arm64]
    os: [openharmony]

  '@oxlint/binding-win32-arm64-msvc@1.61.0':
    resolution: {integrity: sha512-vI//NZPJk6DToiovPtaiwD4iQ7kO1r5ReWQD0sOOyKRtP3E2f6jxin4uvwi3OvDzHA2EFfd7DcZl5dtkQh7g1w==}
    engines: {node: ^20.19.0 || >=22.12.0}
    cpu: [arm64]
    os: [win32]

  '@oxlint/binding-win32-ia32-msvc@1.61.0':
    resolution: {integrity: sha512-0ySj4/4zd2XjePs3XAQq7IigIstN4LPQZgCyigX5/ERMLjdWAJfnxcTsrtxZxuij8guJW8foXuHmhGxW0H4dDA==}
    engines: {node: ^20.19.0 || >=22.12.0}
    cpu: [ia32]
    os: [win32]

  '@oxlint/binding-win32-x64-msvc@1.61.0':
    resolution: {integrity: sha512-0xgSiyeqDLDZxXoe9CVJrOx3TUVsfyoOY7cNi03JbItNcC9WCZqrSNdrAbHONxhSPaVh/lzfnDcON1RqSUMhHw==}
    engines: {node: ^20.19.0 || >=22.12.0}
    cpu: [x64]
    os: [win32]

  '@types/minimist@1.2.5':
    resolution: {integrity: sha512-hov8bUuiLiyFPGyFPE1lwWhmzYbirOXQNNo40+y3zow8aFVTeyn3VWL0VFFfdNddA8S4Vf0Tc062rzyNr7Paag==}

  '@types/node@25.5.0':
    resolution: {integrity: sha512-jp2P3tQMSxWugkCUKLRPVUpGaL5MVFwF8RDuSRztfwgN1wmqJeMSbKlnEtQqU8UrhTmzEmZdu2I6v2dpp7XIxw==}

  '@types/prompts@2.4.9':
    resolution: {integrity: sha512-qTxFi6Buiu8+50/+3DGIWLHM6QuWsEKugJnnP6iv2Mc4ncxE4A/OJkjuVOA+5X0X1S/nq5VJRa8Lu+nwcvbrKA==}

  kleur@3.0.3:
    resolution: {integrity: sha512-eTIzlVOSUR+JxdDFepEYcBMtZ9Qqdef+rnzWdRZuMbOywu5tO2w2N7rqjoANZ5k9vywhL6Br1VRjUIgTQx4E8w==}
    engines: {node: '>=6'}

  kolorist@1.8.0:
    resolution: {integrity: sha512-Y+60/zizpJ3HRH8DCss+q95yr6145JXZo46OTpFvDZWLfRCE4qChOyk1b26nMaNpfHHgxagk9dXT5OP0Tfe+dQ==}

  minimist@1.2.8:
    resolution: {integrity: sha512-2yyAR8qBkN3YuheJanUpWC5U3bb5osDywNB8RzDVlDwDHbocAJveqqj1u8+SVD7jkWT4yvsHCpWqqWqAxb0zCA==}

  oxfmt@0.46.0:
    resolution: {integrity: sha512-CopwJOwPAjZ9p76fCvz+mSOJTw9/NY3cSksZK3VO/bUQ8UoEcketNgUuYS0UB3p+R9XnXe7wGGXUmyFxc7QxJA==}
    engines: {node: ^20.19.0 || >=22.12.0}
    hasBin: true

  oxlint@1.61.0:
    resolution: {integrity: sha512-ZC0ALuhDZ6ivOFG+sy0D0pEDN49EvsId98zVlmYdkcXHsEM14m/qTNUEsUpiFiCVbpIxYtVBmmLE87nsbUHohQ==}
    engines: {node: ^20.19.0 || >=22.12.0}
    hasBin: true
    peerDependencies:
      oxlint-tsgolint: '>=0.18.0'
    peerDependenciesMeta:
      oxlint-tsgolint:
        optional: true

  prompts@2.4.2:
    resolution: {integrity: sha512-NxNv/kLguCA7p3jE8oL2aEBsrJWgAakBpgmgK6lpPWV+WuOmY6r2/zbAVnP+T8bQlA0nzHXSJSJW0Hq7ylaD2Q==}
    engines: {node: '>= 6'}

  sisteransi@1.0.5:
    resolution: {integrity: sha512-bLGGlR1QxBcynn2d5YmDX4MGjlZvy2MRBDRNHLJ8VI6l6+9FUiyTFNJ0IveOSP0bcXgVDPRcfGqA0pjaqUpfVg==}

  tinypool@2.1.0:
    resolution: {integrity: sha512-Pugqs6M0m7Lv1I7FtxN4aoyToKg1C4tu+/381vH35y8oENM/Ai7f7C4StcoK4/+BSw9ebcS8jRiVrORFKCALLw==}
    engines: {node: ^20.0.0 || >=22.0.0}

  undici-types@7.18.2:
    resolution: {integrity: sha512-AsuCzffGHJybSaRrmr5eHr81mwJU3kjw6M+uprWvCXiNeN9SOGwQ3Jn8jb8m3Z6izVgknn1R0FTCEAP2QrLY/w==}

snapshots:

  '@oxfmt/binding-android-arm-eabi@0.46.0':
    optional: true

  '@oxfmt/binding-android-arm64@0.46.0':
    optional: true

  '@oxfmt/binding-darwin-arm64@0.46.0':
    optional: true

  '@oxfmt/binding-darwin-x64@0.46.0':
    optional: true

  '@oxfmt/binding-freebsd-x64@0.46.0':
    optional: true

  '@oxfmt/binding-linux-arm-gnueabihf@0.46.0':
    optional: true

  '@oxfmt/binding-linux-arm-musleabihf@0.46.0':
    optional: true

  '@oxfmt/binding-linux-arm64-gnu@0.46.0':
    optional: true

  '@oxfmt/binding-linux-arm64-musl@0.46.0':
    optional: true

  '@oxfmt/binding-linux-ppc64-gnu@0.46.0':
    optional: true

  '@oxfmt/binding-linux-riscv64-gnu@0.46.0':
    optional: true

  '@oxfmt/binding-linux-riscv64-musl@0.46.0':
    optional: true

  '@oxfmt/binding-linux-s390x-gnu@0.46.0':
    optional: true

  '@oxfmt/binding-linux-x64-gnu@0.46.0':
    optional: true

  '@oxfmt/binding-linux-x64-musl@0.46.0':
    optional: true

  '@oxfmt/binding-openharmony-arm64@0.46.0':
    optional: true

  '@oxfmt/binding-win32-arm64-msvc@0.46.0':
    optional: true

  '@oxfmt/binding-win32-ia32-msvc@0.46.0':
    optional: true

  '@oxfmt/binding-win32-x64-msvc@0.46.0':
    optional: true

  '@oxlint/binding-android-arm-eabi@1.61.0':
    optional: true

  '@oxlint/binding-android-arm64@1.61.0':
    optional: true

  '@oxlint/binding-darwin-arm64@1.61.0':
    optional: true

  '@oxlint/binding-darwin-x64@1.61.0':
    optional: true

  '@oxlint/binding-freebsd-x64@1.61.0':
    optional: true

  '@oxlint/binding-linux-arm-gnueabihf@1.61.0':
    optional: true

  '@oxlint/binding-linux-arm-musleabihf@1.61.0':
    optional: true

  '@oxlint/binding-linux-arm64-gnu@1.61.0':
    optional: true

  '@oxlint/binding-linux-arm64-musl@1.61.0':
    optional: true

  '@oxlint/binding-linux-ppc64-gnu@1.61.0':
    optional: true

  '@oxlint/binding-linux-riscv64-gnu@1.61.0':
    optional: true

  '@oxlint/binding-linux-riscv64-musl@1.61.0':
    optional: true

  '@oxlint/binding-linux-s390x-gnu@1.61.0':
    optional: true

  '@oxlint/binding-linux-x64-gnu@1.61.0':
    optional: true

  '@oxlint/binding-linux-x64-musl@1.61.0':
    optional: true

  '@oxlint/binding-openharmony-arm64@1.61.0':
    optional: true

  '@oxlint/binding-win32-arm64-msvc@1.61.0':
    optional: true

  '@oxlint/binding-win32-ia32-msvc@1.61.0':
    optional: true

  '@oxlint/binding-win32-x64-msvc@1.61.0':
    optional: true

  '@types/minimist@1.2.5': {}

  '@types/node@25.5.0':
    dependencies:
      undici-types: 7.18.2

  '@types/prompts@2.4.9':
    dependencies:
      '@types/node': 25.5.0
      kleur: 3.0.3

  kleur@3.0.3: {}

  kolorist@1.8.0: {}

  minimist@1.2.8: {}

  oxfmt@0.46.0:
    dependencies:
      tinypool: 2.1.0
    optionalDependencies:
      '@oxfmt/binding-android-arm-eabi': 0.46.0
      '@oxfmt/binding-android-arm64': 0.46.0
      '@oxfmt/binding-darwin-arm64': 0.46.0
      '@oxfmt/binding-darwin-x64': 0.46.0
      '@oxfmt/binding-freebsd-x64': 0.46.0
      '@oxfmt/binding-linux-arm-gnueabihf': 0.46.0
      '@oxfmt/binding-linux-arm-musleabihf': 0.46.0
      '@oxfmt/binding-linux-arm64-gnu': 0.46.0
      '@oxfmt/binding-linux-arm64-musl': 0.46.0
      '@oxfmt/binding-linux-ppc64-gnu': 0.46.0
      '@oxfmt/binding-linux-riscv64-gnu': 0.46.0
      '@oxfmt/binding-linux-riscv64-musl': 0.46.0
      '@oxfmt/binding-linux-s390x-gnu': 0.46.0
      '@oxfmt/binding-linux-x64-gnu': 0.46.0
      '@oxfmt/binding-linux-x64-musl': 0.46.0
      '@oxfmt/binding-openharmony-arm64': 0.46.0
      '@oxfmt/binding-win32-arm64-msvc': 0.46.0
      '@oxfmt/binding-win32-ia32-msvc': 0.46.0
      '@oxfmt/binding-win32-x64-msvc': 0.46.0

  oxlint@1.61.0:
    optionalDependencies:
      '@oxlint/binding-android-arm-eabi': 1.61.0
      '@oxlint/binding-android-arm64': 1.61.0
      '@oxlint/binding-darwin-arm64': 1.61.0
      '@oxlint/binding-darwin-x64': 1.61.0
      '@oxlint/binding-freebsd-x64': 1.61.0
      '@oxlint/binding-linux-arm-gnueabihf': 1.61.0
      '@oxlint/binding-linux-arm-musleabihf': 1.61.0
      '@oxlint/binding-linux-arm64-gnu': 1.61.0
      '@oxlint/binding-linux-arm64-musl': 1.61.0
      '@oxlint/binding-linux-ppc64-gnu': 1.61.0
      '@oxlint/binding-linux-riscv64-gnu': 1.61.0
      '@oxlint/binding-linux-riscv64-musl': 1.61.0
      '@oxlint/binding-linux-s390x-gnu': 1.61.0
      '@oxlint/binding-linux-x64-gnu': 1.61.0
      '@oxlint/binding-linux-x64-musl': 1.61.0
      '@oxlint/binding-openharmony-arm64': 1.61.0
      '@oxlint/binding-win32-arm64-msvc': 1.61.0
      '@oxlint/binding-win32-ia32-msvc': 1.61.0
      '@oxlint/binding-win32-x64-msvc': 1.61.0

  prompts@2.4.2:
    dependencies:
      kleur: 3.0.3
      sisteransi: 1.0.5

  sisteransi@1.0.5: {}

  tinypool@2.1.0: {}

  undici-types@7.18.2: {}
